// !$*UTF8*$!
{
	archiveVersion = 1;
	classes = {
	};
	objectVersion = 46;
	objects = {

/* Begin PBXBuildFile section */
		CD3D080E1DC618E700FCB821 /* AppDelegate.swift in Sources */ = {isa = PBXBuildFile; fileRef = CD3D080D1DC618E700FCB821 /* AppDelegate.swift */; };
		CD3D08101DC618E700FCB821 /* ViewController.swift in Sources */ = {isa = PBXBuildFile; fileRef = CD3D080F1DC618E700FCB821 /* ViewController.swift */; };
		CD3D08131DC618E700FCB821 /* Main.storyboard in Resources */ = {isa = PBXBuildFile; fileRef = CD3D08111DC618E700FCB821 /* Main.storyboard */; };
		CD3D08151DC618E800FCB821 /* Assets.xcassets in Resources */ = {isa = PBXBuildFile; fileRef = CD3D08141DC618E800FCB821 /* Assets.xcassets */; };
		CD3D08181DC618E800FCB821 /* LaunchScreen.storyboard in Resources */ = {isa = PBXBuildFile; fileRef = CD3D08161DC618E800FCB821 /* LaunchScreen.storyboard */; };
/* End PBXBuildFile section */

/* Begin PBXFileReference section */
		CD3D080A1DC618E700FCB821 /* bomb.app */ = {isa = PBXFileReference; explicitFileType = wrapper.application; includeInIndex = 0; path = bomb.app; sourceTree = BUILT_PRODUCTS_DIR; };
		CD3D080D1DC618E700FCB821 /* AppDelegate.swift */ = {isa = PBXFileReference; lastKnownFileType = sourcecode.swift; path = AppDelegate.swift; sourceTree = "<group>"; };
		CD3D080F1DC618E700FCB821 /* ViewController.swift */ = {isa = PBXFileReference; lastKnownFileType = sourcecode.swift; path = ViewController.swift; sourceTree = "<group>"; };
		CD3D08121DC618E700FCB821 /* Base */ = {isa = PBXFileReference; lastKnownFileType = file.storyboard; name = Base; path = Base.lproj/Main.storyboard; sourceTree = "<group>"; };
		CD3D08141DC618E800FCB821 /* Assets.xcassets */ = {isa = PBXFileReference; lastKnownFileType = folder.assetcatalog; path = Assets.xcassets; sourceTree = "<group>"; };
		CD3D08171DC618E800FCB821 /* Base */ = {isa = PBXFileReference; lastKnownFileType = file.storyboard; name = Base; path = Base.lproj/LaunchScreen.storyboard; sourceTree = "<group>"; };
		CD3D08191DC618E800FCB821 /* Info.plist */ = {isa = PBXFileReference; lastKnownFileType = text.plist.xml; path = Info.plist; sourceTree = "<group>"; };
/* End PBXFileReference section */

/* Begin PBXFrameworksBuildPhase section */
		CD3D08071DC618E700FCB821 /* Frameworks */ = {
			isa = PBXFrameworksBuildPhase;
			buildActionMask = 2147483647;
			files = (
			);
			runOnlyForDeploymentPostprocessing = 0;
		};
/* End PBXFrameworksBuildPhase section */

/* Begin PBXGroup section */
		CD3D08011DC618E700FCB821 = {
			isa = PBXGroup;
			children = (
				CD3D080C1DC618E700FCB821 /* bomb */,
				CD3D080B1DC618E700FCB821 /* Products */,
			);
			sourceTree = "<group>";
		};
		CD3D080B1DC618E700FCB821 /* Products */ = {
			isa = PBXGroup;
			children = (
				CD3D080A1DC618E700FCB821 /* bomb.app */,
			);
			name = Products;
			sourceTree = "<group>";
		};
		CD3D080C1DC618E700FCB821 /* bomb */ = {
			isa = PBXGroup;
			children = (
				CD3D080D1DC618E700FCB821 /* AppDelegate.swift */,
				CD3D080F1DC618E700FCB821 /* ViewController.swift */,
				CD3D08111DC618E700FCB821 /* Main.storyboard */,
				CD3D08141DC618E800FCB821 /* Assets.xcassets */,
				CD3D08161DC618E800FCB821 /* LaunchScreen.storyboard */,
				CD3D08191DC618E800FCB821 /* Info.plist */,
			);
			path = bomb;
			sourceTree = "<group>";
		};
/* End PBXGroup section */

/* Begin PBXNativeTarget section */
		CD3D08091DC618E700FCB821 /* bomb */ = {
			isa = PBXNativeTarget;
			buildConfigurationList = CD3D081C1DC618E800FCB821 /* Build configuration list for PBXNativeTarget "bomb" */;
			buildPhases = (
				CD3D08061DC618E700FCB821 /* Sources */,
				CD3D08071DC618E700FCB821 /* Frameworks */,
				CD3D08081DC618E700FCB821 /* Resources */,
			);
			buildRules = (
			);
			dependencies = (
			);
			name = bomb;
			productName = bomb;
			productReference = CD3D080A1DC618E700FCB821 /* bomb.app */;
			productType = "com.apple.product-type.application";
		};
/* End PBXNativeTarget section */

/* Begin PBXProject section */
		CD3D08021DC618E700FCB821 /* Project object */ = {
			isa = PBXProject;
			attributes = {
				LastSwiftUpdateCheck = 0810;
				LastUpgradeCheck = 0810;
				ORGANIZATIONNAME = anchkorg;
				TargetAttributes = {
					CD3D08091DC618E700FCB821 = {
						CreatedOnToolsVersion = 8.1;
						ProvisioningStyle = Automatic;
					};
				};
			};
			buildConfigurationList = CD3D08051DC618E700FCB821 /* Build configuration list for PBXProject "bomb" */;
			compatibilityVersion = "Xcode 3.2";
			developmentRegion = English;
			hasScannedForEncodings = 0;
			knownRegions = (
				en,
				Base,
			);
			mainGroup = CD3D08011DC618E700FCB821;
			productRefGroup = CD3D080B1DC618E700FCB821 /* Products */;
			projectDirPath = "";
			projectRoot = "";
			targets = (
				CD3D08091DC618E700FCB821 /* bomb */,
			);
		};
/* End PBXProject section */

/* Begin PBXResourcesBuildPhase section */
		CD3D08081DC618E700FCB821 /* Resources */ = {
			isa = PBXResourcesBuildPhase;
			buildActionMask = 2147483647;
			files = (
				CD3D08181DC618E800FCB821 /* LaunchScreen.storyboard in Resources */,
				CD3D08151DC618E800FCB821 /* Assets.xcassets in Resources */,
				CD3D08131DC618E700FCB821 /* Main.storyboard in Resources */,
			);
			runOnlyForDeploymentPostprocessing = 0;
		};
/* End PBXResourcesBuildPhase section */

/* Begin PBXSourcesBuildPhase section */
		CD3D08061DC618E700FCB821 /* Sources */ = {
			isa = PBXSourcesBuildPhase;
			buildActionMask = 2147483647;
			files = (
				CD3D08101DC618E700FCB821 /* ViewController.swift in Sources */,
				CD3D080E1DC618E700FCB821 /* AppDelegate.swift in Sources */,
			);
			runOnlyForDeploymentPostprocessing = 0;
		};
/* End PBXSourcesBuildPhase section */

/* Begin PBXVariantGroup section */
		CD3D08111DC618E700FCB821 /* Main.storyboard */ = {
			isa = PBXVariantGroup;
			children = (
				CD3D08121DC618E700FCB821 /* Base */,
			);
			name = Main.storyboard;
			sourceTree = "<group>";
		};
		CD3D08161DC618E800FCB821 /* LaunchScreen.storyboard */ = {
			isa = PBXVariantGroup;
			children = (
				CD3D08171DC618E800FCB821 /* Base */,
			);
			name = LaunchScreen.storyboard;
			sourceTree = "<group>";
		};
/* End PBXVariantGroup section */

/* Begin XCBuildConfiguration section */
		CD3D081A1DC618E800FCB821 /* Debug */ = {
			isa = XCBuildConfiguration;
			buildSettings = {
				ALWAYS_SEARCH_USER_PATHS = NO;
				CLANG_ANALYZER_NONNULL = YES;
				CLANG_CXX_LANGUAGE_STANDARD = "gnu++0x";
				CLANG_CXX_LIBRARY = "libc++";
				CLANG_ENABLE_MODULES = YES;
				CLANG_ENABLE_OBJC_ARC = YES;
				CLANG_WARN_BOOL_CONVERSION = YES;
				CLANG_WARN_CONSTANT_CONVERSION = YES;
				CLANG_WARN_DIRECT_OBJC_ISA_USAGE = YES_ERROR;
				CLANG_WARN_DOCUMENTATION_COMMENTS = YES;
				CLANG_WARN_EMPTY_BODY = YES;
				CLANG_WARN_ENUM_CONVERSION = YES;
				CLANG_WARN_INFINITE_RECURSION = YES;
				CLANG_WARN_INT_CONVERSION = YES;
				CLANG_WARN_OBJC_ROOT_CLASS = YES_ERROR;
				CLANG_WARN_SUSPICIOUS_MOVES = YES;
				CLANG_WARN_UNREACHABLE_CODE = YES;
				CLANG_WARN__DUPLICATE_METHOD_MATCH = YES;
				"CODE_SIGN_IDENTITY[sdk=iphoneos*]" = "iPhone Developer";
				COPY_PHASE_STRIP = NO;
				DEBUG_INFORMATION_FORMAT = dwarf;
				ENABLE_STRICT_OBJC_MSGSEND = YES;
				ENABLE_TESTABILITY = YES;
				GCC_C_LANGUAGE_STANDARD = gnu99;
				GCC_DYNAMIC_NO_PIC = NO;
				GCC_NO_COMMON_BLOCKS = YES;
				GCC_OPTIMIZATION_LEVEL = 0;
				GCC_PREPROCESSOR_DEFINITIONS = (
					"DEBUG=1",
					"$(inherited)",
				);
				GCC_WARN_64_TO_32_BIT_CONVERSION = YES;
				GCC_WARN_ABOUT_RETURN_TYPE = YES_ERROR;
				GCC_WARN_UNDECLARED_SELECTOR = YES;
				GCC_WARN_UNINITIALIZED_AUTOS = YES_AGGRESSIVE;
				GCC_WARN_UNUSED_FUNCTION = YES;
				GCC_WARN_UNUSED_VARIABLE = YES;
				IPHONEOS_DEPLOYMENT_TARGET = 10.1;
				MTL_ENABLE_DEBUG_INFO = YES;
				ONLY_ACTIVE_ARCH = YES;
				SDKROOT = iphoneos;
				SWIFT_ACTIVE_COMPILATION_CONDITIONS = DEBUG;
				SWIFT_OPTIMIZATION_LEVEL = "-Onone";
			};
			name = Debug;
		};
		CD3D081B1DC618E800FCB821 /* Release */ = {
			isa = XCBuildConfiguration;
			buildSettings = {
				ALWAYS_SEARCH_USER_PATHS = NO;
				CLANG_ANALYZER_NONNULL = YES;
				CLANG_CXX_LANGUAGE_STANDARD = "gnu++0x";
				CLANG_CXX_LIBRARY = "libc++";
				CLANG_ENABLE_MODULES = YES;
				CLANG_ENABLE_OBJC_ARC = YES;
				CLANG_WARN_BOOL_CONVERSION = YES;
				CLANG_WARN_CONSTANT_CONVERSION = YES;
				CLANG_WARN_DIRECT_OBJC_ISA_USAGE = YES_ERROR;
				CLANG_WARN_DOCUMENTATION_COMMENTS = YES;
				CLANG_WARN_EMPTY_BODY = YES;
				CLANG_WARN_ENUM_CONVERSION = YES;
				CLANG_WARN_INFINITE_RECURSION = YES;
				CLANG_WARN_INT_CONVERSION = YES;
				CLANG_WARN_OBJC_ROOT_CLASS = YES_ERROR;
				CLANG_WARN_SUSPICIOUS_MOVES = YES;
				CLANG_WARN_UNREACHABLE_CODE = YES;
				CLANG_WARN__DUPLICATE_METHOD_MATCH = YES;
				"CODE_SIGN_IDENTITY[sdk=iphoneos*]" = "iPhone Developer";
				COPY_PHASE_STRIP = NO;
				DEBUG_INFORMATION_FORMAT = "dwarf-with-dsym";
				ENABLE_NS_ASSERTIONS = NO;
				ENABLE_STRICT_OBJC_MSGSEND = YES;
				GCC_C_LANGUAGE_STANDARD = gnu99;
				GCC_NO_COMMON_BLOCKS = YES;
				GCC_WARN_64_TO_32_BIT_CONVERSION = YES;
				GCC_WARN_ABOUT_RETURN_TYPE = YES_ERROR;
				GCC_WARN_UNDECLARED_SELECTOR = YES;
				GCC_WARN_UNINITIALIZED_AUTOS = YES_AGGRESSIVE;
				GCC_WARN_UNUSED_FUNCTION = YES;
				GCC_WARN_UNUSED_VARIABLE = YES;
				IPHONEOS_DEPLOYMENT_TARGET = 10.1;
				MTL_ENABLE_DEBUG_INFO = NO;
				SDKROOT = iphoneos;
				SWIFT_OPTIMIZATION_LEVEL = "-Owholemodule";
				VALIDATE_PRODUCT = YES;
			};
			name = Release;
		};
		CD3D081D1DC618E800FCB821 /* Debug */ = {
			isa = XCBuildConfiguration;
			buildSettings = {
				ASSETCATALOG_COMPILER_APPICON_NAME = AppIcon;
				INFOPLIST_FILE = bomb/Info.plist;
				LD_RUNPATH_SEARCH_PATHS = "$(inherited) @executable_path/Frameworks";
				PRODUCT_BUNDLE_IDENTIFIER = org.anchk.bomb;
				PRODUCT_NAME = "$(TARGET_NAME)";
				SWIFT_VERSION = 3.0;
			};
			name = Debug;
		};
		CD3D081E1DC618E800FCB821 /* Release */ = {
			isa = XCBuildConfiguration;
			buildSettings = {
				ASSETCATALOG_COMPILER_APPICON_NAME = AppIcon;
				INFOPLIST_FILE = bomb/Info.plist;
				LD_RUNPATH_SEARCH_PATHS = "$(inherited) @executable_path/Frameworks";
				PRODUCT_BUNDLE_IDENTIFIER = org.anchk.bomb;
				PRODUCT_NAME = "$(TARGET_NAME)";
				SWIFT_VERSION = 3.0;
			};
			name = Release;
		};
/* End XCBuildConfiguration section */

/* Begin XCConfigurationList section */
		CD3D08051DC618E700FCB821 /* Build configuration list for PBXProject "bomb" */ = {
			isa = XCConfigurationList;
			buildConfigurations = (
				CD3D081A1DC618E800FCB821 /* Debug */,
				CD3D081B1DC618E800FCB821 /* Release */,
			);
			defaultConfigurationIsVisible = 0;
			defaultConfigurationName = Release;
		};
		CD3D081C1DC618E800FCB821 /* Build configuration list for PBXNativeTarget "bomb" */ = {
			isa = XCConfigurationList;
			buildConfigurations = (
				CD3D081D1DC618E800FCB821 /* Debug */,
				CD3D081E1DC618E800FCB821 /* Release */,
			);
			defaultConfigurationIsVisible = 0;
		};
/* End XCConfigurationList section */
	};
	rootObject = CD3D08021DC618E700FCB821 /* Project object */;
}
